
Microsoft Visual Studio Solution File, Format Version 12.00
# Visual Studio Version 16
VisualStudioVersion = 16.0.31727.386
MinimumVisualStudioVersion = 10.0.40219.1
Project("{FAE04EC0-301F-11D3-BF4B-00C04F79EFBC}") = "EJERCICIO 73", "EJERCICIO 73.csproj", "{D5D80BEF-0481-486C-ABE9-8494B952522E}"
EndProject
Global
	GlobalSection(SolutionConfigurationPlatforms) = preSolution
		Debug|Any CPU = Debug|Any CPU
		Release|Any CPU = Release|Any CPU
	EndGlobalSection
	GlobalSection(ProjectConfigurationPlatforms) = postSolution
		{D5D80BEF-0481-486C-ABE9-8494B952522E}.Debug|Any CPU.ActiveCfg = Debug|Any CPU
		{D5D80BEF-0481-486C-ABE9-8494B952522E}.Debug|Any CPU.Build.0 = Debug|Any CPU
		{D5D80BEF-0481-486C-ABE9-8494B952522E}.Release|Any CPU.ActiveCfg = Release|Any CPU
		{D5D80BEF-0481-486C-ABE9-8494B952522E}.Release|Any CPU.Build.0 = Release|Any CPU
	EndGlobalSection
	GlobalSection(SolutionProperties) = preSolution
		HideSolutionNode = FALSE
	EndGlobalSection
	GlobalSection(ExtensibilityGlobals) = postSolution
		SolutionGuid = {781B6067-4C54-4A16-AB62-2F1C1FDB7796}
	EndGlobalSection
EndGlobal
